<?xml version="1.0" encoding="utf-8"?>
<Project ToolsVersion="4.0" xmlns="http://schemas.microsoft.com/developer/msbuild/2003">
  <ItemGroup>
    <ClCompile Include="main.cpp" />
    <ClCompile Include="metadata.cpp" />
    <ClCompile Include="view.cpp" />
    <ClCompile Include="..\xface\io_plugin_json.cpp" />
    <ClCompile Include="expression.cpp" />
    <ClCompile Include="point.cpp" />
    <ClCompile Include="serial_pe.cpp" />
    <ClCompile Include="properties.cpp" />
    <ClCompile Include="metatype.cpp" />
    <ClCompile Include="widget_codeview.cpp" />
  </ItemGroup>
  <ItemGroup>
    <ClInclude Include="main.h" />
    <ClInclude Include="resource.h" />
  </ItemGroup>
  <ItemGroup>
    <ResourceCompile Include="resource.rc" />
  </ItemGroup>
</Project>