
Microsoft Visual Studio Solution File, Format Version 12.00
# Visual Studio Version 16
VisualStudioVersion = 16.0.31025.194
MinimumVisualStudioVersion = 10.0.40219.1
Project("{8BC9CEB8-8B4A-11D0-8D11-00A0C91BC942}") = "xface", "xface\xface.vcxproj", "{D9030A7D-F1DD-4B02-8064-BFDCB7CF5C5C}"
EndProject
Project("{8BC9CEB8-8B4A-11D0-8D11-00A0C91BC942}") = "test", "test\test.vcxproj", "{C188A38F-D3CC-438C-8FE7-B37D01B7F13D}"
EndProject
Project("{8BC9CEB8-8B4A-11D0-8D11-00A0C91BC942}") = "xmlimg", "xmlimg\xmlimg.vcxproj", "{57719693-F511-41B4-9B2C-EA2180DFF23C}"
EndProject
Project("{8BC9CEB8-8B4A-11D0-8D11-00A0C91BC942}") = "view", "view\view.vcxproj", "{F0D102B6-4A44-4D3C-90E3-833B50B31532}"
EndProject
Project("{8BC9CEB8-8B4A-11D0-8D11-00A0C91BC942}") = "mapedit", "mapedit\mapedit.vcxproj", "{F2CB05CE-248E-4B5B-96EC-9857CCFE6C2F}"
EndProject
Project("{8BC9CEB8-8B4A-11D0-8D11-00A0C91BC942}") = "scripter", "scripter\scripter.vcxproj", "{96E53BF4-C3F3-4264-B4D8-C61EE62710E0}"
EndProject
Project("{8BC9CEB8-8B4A-11D0-8D11-00A0C91BC942}") = "evrika", "evrika\evrika.vcxproj", "{7591EF23-4F3D-4D5D-8675-807480C3763A}"
EndProject
Project("{8BC9CEB8-8B4A-11D0-8D11-00A0C91BC942}") = "space", "space\space.vcxproj", "{8C64A0B1-2513-46C7-AD19-EB701F3A5A04}"
EndProject
Project("{8BC9CEB8-8B4A-11D0-8D11-00A0C91BC942}") = "xedit", "xedit\xedit.vcxproj", "{4416ED12-C29F-4846-8729-E0CC30C3DCCC}"
EndProject
Project("{8BC9CEB8-8B4A-11D0-8D11-00A0C91BC942}") = "c3studio", "c3studio\c3studio.vcxproj", "{AB4F940B-4F2E-401F-BF60-65152BF7ADC4}"
EndProject
Global
	GlobalSection(SolutionConfigurationPlatforms) = preSolution
		Debug|x64 = Debug|x64
		Debug|x86 = Debug|x86
		Release|x64 = Release|x64
		Release|x86 = Release|x86
	EndGlobalSection
	GlobalSection(ProjectConfigurationPlatforms) = postSolution
		{D9030A7D-F1DD-4B02-8064-BFDCB7CF5C5C}.Debug|x64.ActiveCfg = Debug|x64
		{D9030A7D-F1DD-4B02-8064-BFDCB7CF5C5C}.Debug|x64.Build.0 = Debug|x64
		{D9030A7D-F1DD-4B02-8064-BFDCB7CF5C5C}.Debug|x86.ActiveCfg = Debug|Win32
		{D9030A7D-F1DD-4B02-8064-BFDCB7CF5C5C}.Debug|x86.Build.0 = Debug|Win32
		{D9030A7D-F1DD-4B02-8064-BFDCB7CF5C5C}.Release|x64.ActiveCfg = Release|x64
		{D9030A7D-F1DD-4B02-8064-BFDCB7CF5C5C}.Release|x64.Build.0 = Release|x64
		{D9030A7D-F1DD-4B02-8064-BFDCB7CF5C5C}.Release|x86.ActiveCfg = Release|Win32
		{D9030A7D-F1DD-4B02-8064-BFDCB7CF5C5C}.Release|x86.Build.0 = Release|Win32
		{C188A38F-D3CC-438C-8FE7-B37D01B7F13D}.Debug|x64.ActiveCfg = Debug|x64
		{C188A38F-D3CC-438C-8FE7-B37D01B7F13D}.Debug|x64.Build.0 = Debug|x64
		{C188A38F-D3CC-438C-8FE7-B37D01B7F13D}.Debug|x86.ActiveCfg = Debug|Win32
		{C188A38F-D3CC-438C-8FE7-B37D01B7F13D}.Debug|x86.Build.0 = Debug|Win32
		{C188A38F-D3CC-438C-8FE7-B37D01B7F13D}.Release|x64.ActiveCfg = Release|x64
		{C188A38F-D3CC-438C-8FE7-B37D01B7F13D}.Release|x64.Build.0 = Release|x64
		{C188A38F-D3CC-438C-8FE7-B37D01B7F13D}.Release|x86.ActiveCfg = Release|Win32
		{C188A38F-D3CC-438C-8FE7-B37D01B7F13D}.Release|x86.Build.0 = Release|Win32
		{57719693-F511-41B4-9B2C-EA2180DFF23C}.Debug|x64.ActiveCfg = Debug|x64
		{57719693-F511-41B4-9B2C-EA2180DFF23C}.Debug|x64.Build.0 = Debug|x64
		{57719693-F511-41B4-9B2C-EA2180DFF23C}.Debug|x86.ActiveCfg = Debug|Win32
		{57719693-F511-41B4-9B2C-EA2180DFF23C}.Debug|x86.Build.0 = Debug|Win32
		{57719693-F511-41B4-9B2C-EA2180DFF23C}.Release|x64.ActiveCfg = Release|x64
		{57719693-F511-41B4-9B2C-EA2180DFF23C}.Release|x64.Build.0 = Release|x64
		{57719693-F511-41B4-9B2C-EA2180DFF23C}.Release|x86.ActiveCfg = Release|Win32
		{57719693-F511-41B4-9B2C-EA2180DFF23C}.Release|x86.Build.0 = Release|Win32
		{F0D102B6-4A44-4D3C-90E3-833B50B31532}.Debug|x64.ActiveCfg = Debug|x64
		{F0D102B6-4A44-4D3C-90E3-833B50B31532}.Debug|x64.Build.0 = Debug|x64
		{F0D102B6-4A44-4D3C-90E3-833B50B31532}.Debug|x86.ActiveCfg = Debug|Win32
		{F0D102B6-4A44-4D3C-90E3-833B50B31532}.Debug|x86.Build.0 = Debug|Win32
		{F0D102B6-4A44-4D3C-90E3-833B50B31532}.Release|x64.ActiveCfg = Release|x64
		{F0D102B6-4A44-4D3C-90E3-833B50B31532}.Release|x64.Build.0 = Release|x64
		{F0D102B6-4A44-4D3C-90E3-833B50B31532}.Release|x86.ActiveCfg = Release|Win32
		{F0D102B6-4A44-4D3C-90E3-833B50B31532}.Release|x86.Build.0 = Release|Win32
		{F2CB05CE-248E-4B5B-96EC-9857CCFE6C2F}.Debug|x64.ActiveCfg = Debug|x64
		{F2CB05CE-248E-4B5B-96EC-9857CCFE6C2F}.Debug|x64.Build.0 = Debug|x64
		{F2CB05CE-248E-4B5B-96EC-9857CCFE6C2F}.Debug|x86.ActiveCfg = Debug|Win32
		{F2CB05CE-248E-4B5B-96EC-9857CCFE6C2F}.Debug|x86.Build.0 = Debug|Win32
		{F2CB05CE-248E-4B5B-96EC-9857CCFE6C2F}.Release|x64.ActiveCfg = Release|x64
		{F2CB05CE-248E-4B5B-96EC-9857CCFE6C2F}.Release|x64.Build.0 = Release|x64
		{F2CB05CE-248E-4B5B-96EC-9857CCFE6C2F}.Release|x86.ActiveCfg = Release|Win32
		{F2CB05CE-248E-4B5B-96EC-9857CCFE6C2F}.Release|x86.Build.0 = Release|Win32
		{96E53BF4-C3F3-4264-B4D8-C61EE62710E0}.Debug|x64.ActiveCfg = Debug|x64
		{96E53BF4-C3F3-4264-B4D8-C61EE62710E0}.Debug|x64.Build.0 = Debug|x64
		{96E53BF4-C3F3-4264-B4D8-C61EE62710E0}.Debug|x86.ActiveCfg = Debug|Win32
		{96E53BF4-C3F3-4264-B4D8-C61EE62710E0}.Debug|x86.Build.0 = Debug|Win32
		{96E53BF4-C3F3-4264-B4D8-C61EE62710E0}.Release|x64.ActiveCfg = Release|x64
		{96E53BF4-C3F3-4264-B4D8-C61EE62710E0}.Release|x64.Build.0 = Release|x64
		{96E53BF4-C3F3-4264-B4D8-C61EE62710E0}.Release|x86.ActiveCfg = Release|Win32
		{96E53BF4-C3F3-4264-B4D8-C61EE62710E0}.Release|x86.Build.0 = Release|Win32
		{7591EF23-4F3D-4D5D-8675-807480C3763A}.Debug|x64.ActiveCfg = Debug|x64
		{7591EF23-4F3D-4D5D-8675-807480C3763A}.Debug|x64.Build.0 = Debug|x64
		{7591EF23-4F3D-4D5D-8675-807480C3763A}.Debug|x86.ActiveCfg = Debug|Win32
		{7591EF23-4F3D-4D5D-8675-807480C3763A}.Debug|x86.Build.0 = Debug|Win32
		{7591EF23-4F3D-4D5D-8675-807480C3763A}.Release|x64.ActiveCfg = Release|x64
		{7591EF23-4F3D-4D5D-8675-807480C3763A}.Release|x64.Build.0 = Release|x64
		{7591EF23-4F3D-4D5D-8675-807480C3763A}.Release|x86.ActiveCfg = Release|Win32
		{7591EF23-4F3D-4D5D-8675-807480C3763A}.Release|x86.Build.0 = Release|Win32
		{8C64A0B1-2513-46C7-AD19-EB701F3A5A04}.Debug|x64.ActiveCfg = Debug|x64
		{8C64A0B1-2513-46C7-AD19-EB701F3A5A04}.Debug|x64.Build.0 = Debug|x64
		{8C64A0B1-2513-46C7-AD19-EB701F3A5A04}.Debug|x86.ActiveCfg = Debug|Win32
		{8C64A0B1-2513-46C7-AD19-EB701F3A5A04}.Debug|x86.Build.0 = Debug|Win32
		{8C64A0B1-2513-46C7-AD19-EB701F3A5A04}.Release|x64.ActiveCfg = Release|x64
		{8C64A0B1-2513-46C7-AD19-EB701F3A5A04}.Release|x64.Build.0 = Release|x64
		{8C64A0B1-2513-46C7-AD19-EB701F3A5A04}.Release|x86.ActiveCfg = Release|Win32
		{8C64A0B1-2513-46C7-AD19-EB701F3A5A04}.Release|x86.Build.0 = Release|Win32
		{4416ED12-C29F-4846-8729-E0CC30C3DCCC}.Debug|x64.ActiveCfg = Debug|x64
		{4416ED12-C29F-4846-8729-E0CC30C3DCCC}.Debug|x64.Build.0 = Debug|x64
		{4416ED12-C29F-4846-8729-E0CC30C3DCCC}.Debug|x86.ActiveCfg = Debug|Win32
		{4416ED12-C29F-4846-8729-E0CC30C3DCCC}.Debug|x86.Build.0 = Debug|Win32
		{4416ED12-C29F-4846-8729-E0CC30C3DCCC}.Release|x64.ActiveCfg = Release|x64
		{4416ED12-C29F-4846-8729-E0CC30C3DCCC}.Release|x64.Build.0 = Release|x64
		{4416ED12-C29F-4846-8729-E0CC30C3DCCC}.Release|x86.ActiveCfg = Release|Win32
		{4416ED12-C29F-4846-8729-E0CC30C3DCCC}.Release|x86.Build.0 = Release|Win32
		{AB4F940B-4F2E-401F-BF60-65152BF7ADC4}.Debug|x64.ActiveCfg = Debug|x64
		{AB4F940B-4F2E-401F-BF60-65152BF7ADC4}.Debug|x64.Build.0 = Debug|x64
		{AB4F940B-4F2E-401F-BF60-65152BF7ADC4}.Debug|x86.ActiveCfg = Debug|Win32
		{AB4F940B-4F2E-401F-BF60-65152BF7ADC4}.Debug|x86.Build.0 = Debug|Win32
		{AB4F940B-4F2E-401F-BF60-65152BF7ADC4}.Release|x64.ActiveCfg = Release|x64
		{AB4F940B-4F2E-401F-BF60-65152BF7ADC4}.Release|x64.Build.0 = Release|x64
		{AB4F940B-4F2E-401F-BF60-65152BF7ADC4}.Release|x86.ActiveCfg = Release|Win32
		{AB4F940B-4F2E-401F-BF60-65152BF7ADC4}.Release|x86.Build.0 = Release|Win32
	EndGlobalSection
	GlobalSection(SolutionProperties) = preSolution
		HideSolutionNode = FALSE
	EndGlobalSection
	GlobalSection(ExtensibilityGlobals) = postSolution
		SolutionGuid = {47263631-19BE-4C6A-9972-229069823575}
	EndGlobalSection
EndGlobal
