<?xml version="1.0" encoding="utf-8"?>
<Project ToolsVersion="4.0" xmlns="http://schemas.microsoft.com/developer/msbuild/2003">
  <ItemGroup>
    <Filter Include="platform">
      <UniqueIdentifier>{ff02da93-ca0d-4d46-8ae4-df5ca52df2c3}</UniqueIdentifier>
    </Filter>
    <Filter Include="draw">
      <UniqueIdentifier>{c5783f4a-da17-40b9-88c6-e84ee9eac615}</UniqueIdentifier>
    </Filter>
    <Filter Include="platform\windows">
      <UniqueIdentifier>{53785f07-c624-4618-b94e-ac9818f36e37}</UniqueIdentifier>
    </Filter>
    <Filter Include="support">
      <UniqueIdentifier>{77d5ce19-1ba6-4cdd-adf7-39071b6158cf}</UniqueIdentifier>
    </Filter>
    <Filter Include="collections">
      <UniqueIdentifier>{32b6fc22-5eb7-44ef-be4e-11fec932a46b}</UniqueIdentifier>
    </Filter>
  </ItemGroup>
  <ItemGroup>
    <ClCompile Include="archive.cpp">
      <Filter>collections</Filter>
    </ClCompile>
    <ClCompile Include="win_draw.cpp">
      <Filter>platform\windows</Filter>
    </ClCompile>
    <ClCompile Include="win_io_file.cpp">
      <Filter>platform\windows</Filter>
    </ClCompile>
    <ClCompile Include="color.cpp">
      <Filter>support</Filter>
    </ClCompile>
    <ClCompile Include="win_clipboard.cpp">
      <Filter>platform\windows</Filter>
    </ClCompile>
    <ClCompile Include="bsreq.cpp">
      <Filter>collections</Filter>
    </ClCompile>
    <ClCompile Include="converter.cpp">
      <Filter>support</Filter>
    </ClCompile>
    <ClCompile Include="bstream.cpp">
      <Filter>support</Filter>
    </ClCompile>
    <ClCompile Include="requisit.cpp">
      <Filter>support</Filter>
    </ClCompile>
    <ClCompile Include="win_menu.cpp">
      <Filter>platform\windows</Filter>
    </ClCompile>
    <ClCompile Include="strlib.cpp">
      <Filter>collections</Filter>
    </ClCompile>
    <ClCompile Include="sz2numf.cpp">
      <Filter>support</Filter>
    </ClCompile>
    <ClCompile Include="io.cpp">
      <Filter>support</Filter>
    </ClCompile>
    <ClCompile Include="datetime.cpp">
      <Filter>support</Filter>
    </ClCompile>
    <ClCompile Include="win_datetime.cpp">
      <Filter>platform\windows</Filter>
    </ClCompile>
    <ClCompile Include="io_plugin.cpp">
      <Filter>support</Filter>
    </ClCompile>
    <ClCompile Include="win_draw_dlg.cpp">
      <Filter>platform\windows</Filter>
    </ClCompile>
    <ClCompile Include="win_draw_shell.cpp">
      <Filter>platform\windows</Filter>
    </ClCompile>
    <ClCompile Include="win_cmd.cpp">
      <Filter>platform\windows</Filter>
    </ClCompile>
    <ClCompile Include="valuelist.cpp">
      <Filter>collections</Filter>
    </ClCompile>
    <ClCompile Include="anyval.cpp">
      <Filter>support</Filter>
    </ClCompile>
    <ClCompile Include="bsreq_txt.cpp">
      <Filter>collections</Filter>
    </ClCompile>
    <ClCompile Include="crt.cpp">
      <Filter>support</Filter>
    </ClCompile>
    <ClCompile Include="argw.cpp">
      <Filter>support</Filter>
    </ClCompile>
    <ClCompile Include="setting.cpp">
      <Filter>support</Filter>
    </ClCompile>
    <ClCompile Include="stringbuilder.cpp">
      <Filter>support</Filter>
    </ClCompile>
    <ClCompile Include="szdup.cpp">
      <Filter>support</Filter>
    </ClCompile>
    <ClCompile Include="bsreq_parser.cpp">
      <Filter>collections</Filter>
    </ClCompile>
    <ClCompile Include="markup.cpp">
      <Filter>support</Filter>
    </ClCompile>
    <ClCompile Include="draw.cpp">
      <Filter>draw</Filter>
    </ClCompile>
    <ClCompile Include="draw_input.cpp">
      <Filter>draw</Filter>
    </ClCompile>
    <ClCompile Include="draw_text.cpp">
      <Filter>draw</Filter>
    </ClCompile>
    <ClCompile Include="draw_textf.cpp">
      <Filter>draw</Filter>
    </ClCompile>
    <ClCompile Include="resource_dynamic.cpp">
      <Filter>draw</Filter>
    </ClCompile>
    <ClCompile Include="resources.cpp">
      <Filter>draw</Filter>
    </ClCompile>
    <ClCompile Include="screenshoot.cpp">
      <Filter>draw</Filter>
    </ClCompile>
    <ClCompile Include="surface_serial.cpp">
      <Filter>draw</Filter>
    </ClCompile>
    <ClCompile Include="draw_tree.cpp">
      <Filter>draw</Filter>
    </ClCompile>
    <ClCompile Include="draw_animation.cpp">
      <Filter>draw</Filter>
    </ClCompile>
    <ClCompile Include="draw_autocomplete.cpp">
      <Filter>draw</Filter>
    </ClCompile>
    <ClCompile Include="draw_button.cpp">
      <Filter>draw</Filter>
    </ClCompile>
    <ClCompile Include="draw_clipart.cpp">
      <Filter>draw</Filter>
    </ClCompile>
    <ClCompile Include="draw_control.cpp">
      <Filter>draw</Filter>
    </ClCompile>
    <ClCompile Include="draw_dialog.cpp">
      <Filter>draw</Filter>
    </ClCompile>
    <ClCompile Include="draw_dockbar.cpp">
      <Filter>draw</Filter>
    </ClCompile>
    <ClCompile Include="draw_dropdown.cpp">
      <Filter>draw</Filter>
    </ClCompile>
    <ClCompile Include="draw_field.cpp">
      <Filter>draw</Filter>
    </ClCompile>
    <ClCompile Include="draw_list.cpp">
      <Filter>draw</Filter>
    </ClCompile>
    <ClCompile Include="draw_picker.cpp">
      <Filter>draw</Filter>
    </ClCompile>
    <ClCompile Include="draw_scroll.cpp">
      <Filter>draw</Filter>
    </ClCompile>
    <ClCompile Include="draw_scrollable.cpp">
      <Filter>draw</Filter>
    </ClCompile>
    <ClCompile Include="draw_splitter.cpp">
      <Filter>draw</Filter>
    </ClCompile>
    <ClCompile Include="draw_statusbar.cpp">
      <Filter>draw</Filter>
    </ClCompile>
    <ClCompile Include="draw_table.cpp">
      <Filter>draw</Filter>
    </ClCompile>
    <ClCompile Include="draw_tableref.cpp">
      <Filter>draw</Filter>
    </ClCompile>
    <ClCompile Include="draw_tabs.cpp">
      <Filter>draw</Filter>
    </ClCompile>
    <ClCompile Include="draw_textedit.cpp">
      <Filter>draw</Filter>
    </ClCompile>
    <ClCompile Include="draw_theme.cpp">
      <Filter>draw</Filter>
    </ClCompile>
    <ClCompile Include="draw_tool.cpp">
      <Filter>draw</Filter>
    </ClCompile>
    <ClCompile Include="draw_toolbar.cpp">
      <Filter>draw</Filter>
    </ClCompile>
    <ClCompile Include="draw_tooltips.cpp">
      <Filter>draw</Filter>
    </ClCompile>
    <ClCompile Include="widget_application.cpp">
      <Filter>draw</Filter>
    </ClCompile>
    <ClCompile Include="widget_logging.cpp">
      <Filter>draw</Filter>
    </ClCompile>
    <ClCompile Include="widget_properties.cpp">
      <Filter>draw</Filter>
    </ClCompile>
    <ClCompile Include="reestr.cpp">
      <Filter>support</Filter>
    </ClCompile>
    <ClCompile Include="draw_form.cpp">
      <Filter>draw</Filter>
    </ClCompile>
    <ClCompile Include="bsreq_bin.cpp">
      <Filter>collections</Filter>
    </ClCompile>
    <ClCompile Include="parameters.cpp">
      <Filter>support</Filter>
    </ClCompile>
  </ItemGroup>
  <ItemGroup>
    <ClInclude Include="archive.h">
      <Filter>collections</Filter>
    </ClInclude>
    <ClInclude Include="win.h">
      <Filter>platform\windows</Filter>
    </ClInclude>
    <ClInclude Include="color.h">
      <Filter>support</Filter>
    </ClInclude>
    <ClInclude Include="point.h">
      <Filter>support</Filter>
    </ClInclude>
    <ClInclude Include="rect.h">
      <Filter>support</Filter>
    </ClInclude>
    <ClInclude Include="pointl.h">
      <Filter>support</Filter>
    </ClInclude>
    <ClInclude Include="bsreq.h">
      <Filter>collections</Filter>
    </ClInclude>
    <ClInclude Include="converter.h">
      <Filter>support</Filter>
    </ClInclude>
    <ClInclude Include="bstream.h">
      <Filter>support</Filter>
    </ClInclude>
    <ClInclude Include="requisit.h">
      <Filter>support</Filter>
    </ClInclude>
    <ClInclude Include="strlib.h">
      <Filter>collections</Filter>
    </ClInclude>
    <ClInclude Include="io.h">
      <Filter>support</Filter>
    </ClInclude>
    <ClInclude Include="datetime.h">
      <Filter>support</Filter>
    </ClInclude>
    <ClInclude Include="io_plugin.h">
      <Filter>support</Filter>
    </ClInclude>
    <ClInclude Include="valuelist.h">
      <Filter>collections</Filter>
    </ClInclude>
    <ClInclude Include="markup.h">
      <Filter>support</Filter>
    </ClInclude>
    <ClInclude Include="anyval.h">
      <Filter>support</Filter>
    </ClInclude>
    <ClInclude Include="crt.h">
      <Filter>support</Filter>
    </ClInclude>
    <ClInclude Include="agrw.h">
      <Filter>support</Filter>
    </ClInclude>
    <ClInclude Include="setting.h">
      <Filter>support</Filter>
    </ClInclude>
    <ClInclude Include="string.h">
      <Filter>support</Filter>
    </ClInclude>
    <ClInclude Include="stringbuilder.h">
      <Filter>support</Filter>
    </ClInclude>
    <ClInclude Include="draw.h">
      <Filter>draw</Filter>
    </ClInclude>
    <ClInclude Include="resources.h">
      <Filter>draw</Filter>
    </ClInclude>
    <ClInclude Include="screenshoot.h">
      <Filter>draw</Filter>
    </ClInclude>
    <ClInclude Include="draw_animation.h">
      <Filter>draw</Filter>
    </ClInclude>
    <ClInclude Include="draw_control.h">
      <Filter>draw</Filter>
    </ClInclude>
    <ClInclude Include="reestr.h">
      <Filter>support</Filter>
    </ClInclude>
    <ClInclude Include="parameters.h">
      <Filter>support</Filter>
    </ClInclude>
  </ItemGroup>
  <ItemGroup>
    <None Include="initialize_list">
      <Filter>support</Filter>
    </None>
  </ItemGroup>
</Project>