<?xml version="1.0" encoding="utf-8"?>
<Project ToolsVersion="4.0" xmlns="http://schemas.microsoft.com/developer/msbuild/2003">
  <ItemGroup>
    <Filter Include="collections">
      <UniqueIdentifier>{32b6fc22-5eb7-44ef-be4e-11fec932a46b}</UniqueIdentifier>
    </Filter>
    <Filter Include="strings">
      <UniqueIdentifier>{f80dabc8-2ab1-4fdd-bd5b-2336345c2fb8}</UniqueIdentifier>
    </Filter>
    <Filter Include="platform">
      <UniqueIdentifier>{ff02da93-ca0d-4d46-8ae4-df5ca52df2c3}</UniqueIdentifier>
    </Filter>
    <Filter Include="draw">
      <UniqueIdentifier>{c5783f4a-da17-40b9-88c6-e84ee9eac615}</UniqueIdentifier>
    </Filter>
    <Filter Include="draw\core">
      <UniqueIdentifier>{8b96c22e-0ff0-4623-aabb-a08fb4f3908e}</UniqueIdentifier>
    </Filter>
    <Filter Include="platform\windows">
      <UniqueIdentifier>{53785f07-c624-4618-b94e-ac9818f36e37}</UniqueIdentifier>
    </Filter>
    <Filter Include="support">
      <UniqueIdentifier>{77d5ce19-1ba6-4cdd-adf7-39071b6158cf}</UniqueIdentifier>
    </Filter>
    <Filter Include="draw\simple">
      <UniqueIdentifier>{e189561a-4a4c-49c9-a4b0-3d9e5520f189}</UniqueIdentifier>
    </Filter>
    <Filter Include="draw\controls">
      <UniqueIdentifier>{4e583cd2-c2b4-4c5b-9e23-e9e08fb827d5}</UniqueIdentifier>
    </Filter>
  </ItemGroup>
  <ItemGroup>
    <ClCompile Include="collection.cpp">
      <Filter>collections</Filter>
    </ClCompile>
    <ClCompile Include="archive.cpp">
      <Filter>collections</Filter>
    </ClCompile>
    <ClCompile Include="stringcreator.cpp">
      <Filter>strings</Filter>
    </ClCompile>
    <ClCompile Include="szdup.cpp">
      <Filter>strings</Filter>
    </ClCompile>
    <ClCompile Include="draw.cpp">
      <Filter>draw\core</Filter>
    </ClCompile>
    <ClCompile Include="win_draw.cpp">
      <Filter>platform\windows</Filter>
    </ClCompile>
    <ClCompile Include="win_io_file.cpp">
      <Filter>platform\windows</Filter>
    </ClCompile>
    <ClCompile Include="color.cpp">
      <Filter>support</Filter>
    </ClCompile>
    <ClCompile Include="point.cpp">
      <Filter>support</Filter>
    </ClCompile>
    <ClCompile Include="draw_input.cpp">
      <Filter>draw\core</Filter>
    </ClCompile>
    <ClCompile Include="draw_text.cpp">
      <Filter>draw\core</Filter>
    </ClCompile>
    <ClCompile Include="draw_textf.cpp">
      <Filter>draw\core</Filter>
    </ClCompile>
    <ClCompile Include="string_value.cpp">
      <Filter>strings</Filter>
    </ClCompile>
    <ClCompile Include="draw_clipart.cpp">
      <Filter>draw\simple</Filter>
    </ClCompile>
    <ClCompile Include="draw_tooltips.cpp">
      <Filter>draw\simple</Filter>
    </ClCompile>
    <ClCompile Include="draw_button.cpp">
      <Filter>draw\simple</Filter>
    </ClCompile>
    <ClCompile Include="draw_scroll.cpp">
      <Filter>draw\simple</Filter>
    </ClCompile>
    <ClCompile Include="draw_theme.cpp">
      <Filter>draw\simple</Filter>
    </ClCompile>
    <ClCompile Include="grammar.cpp">
      <Filter>strings</Filter>
    </ClCompile>
    <ClCompile Include="draw_dialog.cpp">
      <Filter>draw\simple</Filter>
    </ClCompile>
    <ClCompile Include="draw_splitter.cpp">
      <Filter>draw\simple</Filter>
    </ClCompile>
    <ClCompile Include="draw_list.cpp">
      <Filter>draw\controls</Filter>
    </ClCompile>
    <ClCompile Include="draw_table.cpp">
      <Filter>draw\controls</Filter>
    </ClCompile>
    <ClCompile Include="draw_tabs.cpp">
      <Filter>draw\simple</Filter>
    </ClCompile>
    <ClCompile Include="draw_statusbar.cpp">
      <Filter>draw\simple</Filter>
    </ClCompile>
    <ClCompile Include="draw_textedit.cpp">
      <Filter>draw\controls</Filter>
    </ClCompile>
    <ClCompile Include="draw_scrollable.cpp">
      <Filter>draw\controls</Filter>
    </ClCompile>
    <ClCompile Include="screenshoot.cpp">
      <Filter>draw\core</Filter>
    </ClCompile>
    <ClCompile Include="win_clipboard.cpp">
      <Filter>platform\windows</Filter>
    </ClCompile>
    <ClCompile Include="draw_field.cpp">
      <Filter>draw\simple</Filter>
    </ClCompile>
    <ClCompile Include="draw_form.cpp">
      <Filter>draw\controls</Filter>
    </ClCompile>
    <ClCompile Include="bsreq.cpp">
      <Filter>collections</Filter>
    </ClCompile>
    <ClCompile Include="resources.cpp">
      <Filter>draw\core</Filter>
    </ClCompile>
    <ClCompile Include="resource_dynamic.cpp">
      <Filter>draw\core</Filter>
    </ClCompile>
    <ClCompile Include="surface_serial.cpp">
      <Filter>draw\core</Filter>
    </ClCompile>
    <ClCompile Include="converter.cpp">
      <Filter>support</Filter>
    </ClCompile>
    <ClCompile Include="bstream.cpp">
      <Filter>support</Filter>
    </ClCompile>
    <ClCompile Include="bsdata.cpp">
      <Filter>collections</Filter>
    </ClCompile>
    <ClCompile Include="draw_combo.cpp">
      <Filter>draw\simple</Filter>
    </ClCompile>
    <ClCompile Include="draw_dropdown.cpp">
      <Filter>draw\simple</Filter>
    </ClCompile>
    <ClCompile Include="draw_grid.cpp">
      <Filter>draw\controls</Filter>
    </ClCompile>
    <ClCompile Include="draw_tool.cpp">
      <Filter>draw\simple</Filter>
    </ClCompile>
    <ClCompile Include="draw_toolbar.cpp">
      <Filter>draw\simple</Filter>
    </ClCompile>
    <ClCompile Include="requisit.cpp">
      <Filter>support</Filter>
    </ClCompile>
    <ClCompile Include="draw_tree.cpp">
      <Filter>draw\controls</Filter>
    </ClCompile>
    <ClCompile Include="draw_control.cpp">
      <Filter>draw\controls</Filter>
    </ClCompile>
    <ClCompile Include="win_menu.cpp">
      <Filter>platform\windows</Filter>
    </ClCompile>
    <ClCompile Include="strlib.cpp">
      <Filter>collections</Filter>
    </ClCompile>
    <ClCompile Include="bsdata_serial_bin.cpp">
      <Filter>collections</Filter>
    </ClCompile>
    <ClCompile Include="sz2numf.cpp">
      <Filter>support</Filter>
    </ClCompile>
    <ClCompile Include="io.cpp">
      <Filter>support</Filter>
    </ClCompile>
    <ClCompile Include="datetime.cpp">
      <Filter>support</Filter>
    </ClCompile>
    <ClCompile Include="win_datetime.cpp">
      <Filter>platform\windows</Filter>
    </ClCompile>
    <ClCompile Include="io_plugin.cpp">
      <Filter>support</Filter>
    </ClCompile>
    <ClCompile Include="crt.cpp">
      <Filter>strings</Filter>
    </ClCompile>
    <ClCompile Include="draw_dockbar.cpp">
      <Filter>draw\controls</Filter>
    </ClCompile>
    <ClCompile Include="draw_control_plugin.cpp">
      <Filter>draw\controls</Filter>
    </ClCompile>
  </ItemGroup>
  <ItemGroup>
    <ClInclude Include="collection.h">
      <Filter>collections</Filter>
    </ClInclude>
    <ClInclude Include="archive.h">
      <Filter>collections</Filter>
    </ClInclude>
    <ClInclude Include="initializer_list.h">
      <Filter>collections</Filter>
    </ClInclude>
    <ClInclude Include="string.h">
      <Filter>strings</Filter>
    </ClInclude>
    <ClInclude Include="stringcreator.h">
      <Filter>strings</Filter>
    </ClInclude>
    <ClInclude Include="draw.h">
      <Filter>draw\core</Filter>
    </ClInclude>
    <ClInclude Include="win.h">
      <Filter>platform\windows</Filter>
    </ClInclude>
    <ClInclude Include="color.h">
      <Filter>support</Filter>
    </ClInclude>
    <ClInclude Include="point.h">
      <Filter>support</Filter>
    </ClInclude>
    <ClInclude Include="rect.h">
      <Filter>support</Filter>
    </ClInclude>
    <ClInclude Include="grammar.h">
      <Filter>strings</Filter>
    </ClInclude>
    <ClInclude Include="pointl.h">
      <Filter>support</Filter>
    </ClInclude>
    <ClInclude Include="screenshoot.h">
      <Filter>draw\core</Filter>
    </ClInclude>
    <ClInclude Include="bsreq.h">
      <Filter>collections</Filter>
    </ClInclude>
    <ClInclude Include="resources.h">
      <Filter>draw\core</Filter>
    </ClInclude>
    <ClInclude Include="converter.h">
      <Filter>support</Filter>
    </ClInclude>
    <ClInclude Include="bstream.h">
      <Filter>support</Filter>
    </ClInclude>
    <ClInclude Include="bsdata.h">
      <Filter>collections</Filter>
    </ClInclude>
    <ClInclude Include="draw_grid.h">
      <Filter>draw\controls</Filter>
    </ClInclude>
    <ClInclude Include="requisit.h">
      <Filter>support</Filter>
    </ClInclude>
    <ClInclude Include="draw_control.h">
      <Filter>draw\controls</Filter>
    </ClInclude>
    <ClInclude Include="strlib.h">
      <Filter>collections</Filter>
    </ClInclude>
    <ClInclude Include="crt.h">
      <Filter>strings</Filter>
    </ClInclude>
    <ClInclude Include="io.h">
      <Filter>support</Filter>
    </ClInclude>
    <ClInclude Include="datetime.h">
      <Filter>support</Filter>
    </ClInclude>
    <ClInclude Include="io_plugin.h">
      <Filter>support</Filter>
    </ClInclude>
  </ItemGroup>
</Project>