<?xml version="1.0" encoding="utf-8"?>
<Project ToolsVersion="4.0" xmlns="http://schemas.microsoft.com/developer/msbuild/2003">
  <ItemGroup>
    <ClCompile Include="main.cpp" />
    <ClCompile Include="xml.cpp" />
    <ClCompile Include="win_util.cpp" />
    <ClCompile Include="..\..\formats\util\sprite_store.cpp" />
    <ClCompile Include="..\..\formats\bitmap\pcx.cpp" />
    <ClCompile Include="..\..\formats\bitmap\png.cpp" />
    <ClCompile Include="..\..\formats\bitmap\tga.cpp" />
    <ClCompile Include="..\..\formats\convert\zip.cpp" />
  </ItemGroup>
  <ItemGroup>
    <ClInclude Include="xml.h" />
    <ClInclude Include="util.h" />
  </ItemGroup>
  <ItemGroup>
    <Xml Include="..\images.xml" />
    <Xml Include="..\..\ti\ti\images.xml" />
  </ItemGroup>
</Project>