<?xml version="1.0" encoding="utf-8"?>
<Project ToolsVersion="4.0" xmlns="http://schemas.microsoft.com/developer/msbuild/2003">
  <ItemGroup>
    <ClCompile Include="main.cpp" />
    <ClCompile Include="view.cpp" />
    <ClCompile Include="..\xface\io_plugin_json.cpp" />
    <ClCompile Include="map_type.cpp" />
    <ClCompile Include="object.cpp" />
    <ClCompile Include="variant.cpp" />
    <ClCompile Include="..\xface\sprite_util.cpp" />
    <ClCompile Include="..\..\formats\bitmap\png.cpp" />
    <ClCompile Include="..\..\formats\convert\zip.cpp" />
    <ClCompile Include="tileset.cpp" />
    <ClCompile Include="wizard.cpp" />
    <ClCompile Include="fileimport.cpp" />
    <ClCompile Include="tileimport.cpp" />
    <ClCompile Include="direction.cpp" />
  </ItemGroup>
  <ItemGroup>
    <ClInclude Include="main.h" />
    <ClInclude Include="wizard.h" />
    <ClInclude Include="fileimport.h" />
  </ItemGroup>
</Project>